
Microsoft Visual Studio Solution File, Format Version 12.00
# Visual Studio Version 17
VisualStudioVersion = 17.5.33424.131
MinimumVisualStudioVersion = 10.0.40219.1
Project("{FAE04EC0-301F-11D3-BF4B-00C04F79EFBC}") = "ConsoleApp4", "ConsoleApp4\ConsoleApp4.csproj", "{47672852-84A0-49FB-A41D-521569ADB5DB}"
EndProject
Global
	GlobalSection(SolutionConfigurationPlatforms) = preSolution
		Debug|Any CPU = Debug|Any CPU
		Release|Any CPU = Release|Any CPU
	EndGlobalSection
	GlobalSection(ProjectConfigurationPlatforms) = postSolution
		{47672852-84A0-49FB-A41D-521569ADB5DB}.Debug|Any CPU.ActiveCfg = Debug|Any CPU
		{47672852-84A0-49FB-A41D-521569ADB5DB}.Debug|Any CPU.Build.0 = Debug|Any CPU
		{47672852-84A0-49FB-A41D-521569ADB5DB}.Release|Any CPU.ActiveCfg = Release|Any CPU
		{47672852-84A0-49FB-A41D-521569ADB5DB}.Release|Any CPU.Build.0 = Release|Any CPU
	EndGlobalSection
	GlobalSection(SolutionProperties) = preSolution
		HideSolutionNode = FALSE
	EndGlobalSection
	GlobalSection(ExtensibilityGlobals) = postSolution
		SolutionGuid = {3DEBF03F-DC33-464F-9D70-840BF2F756E1}
	EndGlobalSection
EndGlobal
